
Microsoft Visual Studio Solution File, Format Version 12.00
# Visual Studio 15
VisualStudioVersion = 15.0.28307.271
MinimumVisualStudioVersion = 10.0.40219.1
Project("{FAE04EC0-301F-11D3-BF4B-00C04F79EFBC}") = "HowManyStudentsOnTheBus", "HowManyStudentsOnTheBus\HowManyStudentsOnTheBus.csproj", "{07728A86-0992-4651-B5EC-2684FCC41BFB}"
EndProject
Global
	GlobalSection(SolutionConfigurationPlatforms) = preSolution
		Debug|Any CPU = Debug|Any CPU
		Release|Any CPU = Release|Any CPU
	EndGlobalSection
	GlobalSection(ProjectConfigurationPlatforms) = postSolution
		{07728A86-0992-4651-B5EC-2684FCC41BFB}.Debug|Any CPU.ActiveCfg = Debug|Any CPU
		{07728A86-0992-4651-B5EC-2684FCC41BFB}.Debug|Any CPU.Build.0 = Debug|Any CPU
		{07728A86-0992-4651-B5EC-2684FCC41BFB}.Release|Any CPU.ActiveCfg = Release|Any CPU
		{07728A86-0992-4651-B5EC-2684FCC41BFB}.Release|Any CPU.Build.0 = Release|Any CPU
	EndGlobalSection
	GlobalSection(SolutionProperties) = preSolution
		HideSolutionNode = FALSE
	EndGlobalSection
	GlobalSection(ExtensibilityGlobals) = postSolution
		SolutionGuid = {7E6CE067-508F-45DD-8700-CABCEC1F9CB9}
	EndGlobalSection
EndGlobal
